
Microsoft Visual Studio Solution File, Format Version 11.00
# Visual Studio 2010
Project("*") = "mash16", "mash16.vcxproj", "*"
EndProject
Global
	GlobalSection(SolutionConfigurationPlatforms) = preSolution
		Debug|Win32 = Debug|Win32
		Release|Win32 = Release|Win32
	EndGlobalSection
	GlobalSection(ProjectConfigurationPlatforms) = postSolution
		{6071BCCF-56FA-4027-AE1A-F600BD4DA56A}.Debug|Win32.ActiveCfg = Debug|Win32
		{6071BCCF-56FA-4027-AE1A-F600BD4DA56A}.Debug|Win32.Build.0 = Debug|Win32
		{6071BCCF-56FA-4027-AE1A-F600BD4DA56A}.Release|Win32.ActiveCfg = Release|Win32
		{6071BCCF-56FA-4027-AE1A-F600BD4DA56A}.Release|Win32.Build.0 = Release|Win32
	EndGlobalSection
	GlobalSection(SolutionProperties) = preSolution
		HideSolutionNode = FALSE
	EndGlobalSection
EndGlobal
