<?xml version="1.0" encoding="utf-8"?>
<Project ToolsVersion="4.0" xmlns="http://schemas.microsoft.com/developer/msbuild/2003">
  <ItemGroup>
    <Filter Include="Source Files">
      <UniqueIdentifier>*</UniqueIdentifier>
      <Extensions>cpp;c;cc;cxx;def;odl;idl;hpj;bat;asm;asmx</Extensions>
    </Filter>
    <Filter Include="Header Files">
      <UniqueIdentifier>*</UniqueIdentifier>
      <Extensions>h;hpp;hxx;hm;inl;inc;xsd</Extensions>
    </Filter>
    <Filter Include="Resource Files">
      <UniqueIdentifier>*</UniqueIdentifier>
      <Extensions>rc;ico;cur;bmp;dlg;rc2;rct;bin;rgs;gif;jpg;jpeg;jpe;resx;tiff;tif;png;wav;mfcribbon-ms</Extensions>
    </Filter>
  </ItemGroup>
  <ItemGroup>
    <ClCompile Include="..\src\main.c">
      <Filter>Source Files</Filter>
    </ClCompile>
    <ClCompile Include="..\src\options.c">
      <Filter>Source Files</Filter>
    </ClCompile>
    <ClCompile Include="..\src\header\header.c">
      <Filter>Source Files</Filter>
    </ClCompile>
    <ClCompile Include="..\src\header\crc.c">
      <Filter>Source Files</Filter>
    </ClCompile>
    <ClCompile Include="..\src\core\cpu.c">
      <Filter>Source Files</Filter>
    </ClCompile>
    <ClCompile Include="..\src\core\cpu_ops.c">
      <Filter>Source Files</Filter>
    </ClCompile>
    <ClCompile Include="..\src\core\gpu.c">
      <Filter>Source Files</Filter>
    </ClCompile>
    <ClCompile Include="..\src\core\audio.c">
      <Filter>Source Files</Filter>
    </ClCompile>
    <ClCompile Include="..\src\strings.c">
      <Filter>Source Files</Filter>
    </ClCompile>
  </ItemGroup>
  <ItemGroup>
    <ClInclude Include="..\src\consts.h">
      <Filter>Header Files</Filter>
    </ClInclude>
    <ClInclude Include="..\src\options.h">
      <Filter>Header Files</Filter>
    </ClInclude>
    <ClInclude Include="..\src\header\header.h">
      <Filter>Header Files</Filter>
    </ClInclude>
    <ClInclude Include="..\src\core\cpu.h">
      <Filter>Header Files</Filter>
    </ClInclude>
    <ClInclude Include="..\src\crc.h">
      <Filter>Header Files</Filter>
    </ClInclude>
    <ClInclude Include="..\src\core\gpu.h">
      <Filter>Header Files</Filter>
    </ClInclude>
    <ClInclude Include="..\src\core\audio.h">
      <Filter>Header Files</Filter>
    </ClInclude>
    <ClInclude Include="..\src\strings.h">
      <Filter>Header Files</Filter>
    </ClInclude>
  </ItemGroup>
</Project>